
Microsoft Visual Studio Solution File, Format Version 12.00
# Visual Studio Version 17
VisualStudioVersion = 17.8.34322.80
MinimumVisualStudioVersion = 10.0.40219.1
Project("{FAE04EC0-301F-11D3-BF4B-00C04F79EFBC}") = "TodoApp.Api", "TodoApp.Api\TodoApp.Api.csproj", "{C542F8A3-FF7C-4DF4-9A62-F7E5EB443077}"
EndProject
Global
	GlobalSection(SolutionConfigurationPlatforms) = preSolution
		Debug|Any CPU = Debug|Any CPU
		Release|Any CPU = Release|Any CPU
	EndGlobalSection
	GlobalSection(ProjectConfigurationPlatforms) = postSolution
		{C542F8A3-FF7C-4DF4-9A62-F7E5EB443077}.Debug|Any CPU.ActiveCfg = Debug|Any CPU
		{C542F8A3-FF7C-4DF4-9A62-F7E5EB443077}.Debug|Any CPU.Build.0 = Debug|Any CPU
		{C542F8A3-FF7C-4DF4-9A62-F7E5EB443077}.Release|Any CPU.ActiveCfg = Release|Any CPU
		{C542F8A3-FF7C-4DF4-9A62-F7E5EB443077}.Release|Any CPU.Build.0 = Release|Any CPU
	EndGlobalSection
	GlobalSection(SolutionProperties) = preSolution
		HideSolutionNode = FALSE
	EndGlobalSection
	GlobalSection(ExtensibilityGlobals) = postSolution
		SolutionGuid = {576B41D4-2245-434D-8656-E00CE02711BB}
	EndGlobalSection
EndGlobal
